
Microsoft Visual Studio Solution File, Format Version 12.00
# Visual Studio Version 17
VisualStudioVersion = 17.5.33414.496
MinimumVisualStudioVersion = 10.0.40219.1
Project("{FAE04EC0-301F-11D3-BF4B-00C04F79EFBC}") = "Task_24feburary", "Task_24feburary\Task_24feburary.csproj", "{27269583-5D95-469E-9A3D-34D52BCE7C17}"
EndProject
Global
	GlobalSection(SolutionConfigurationPlatforms) = preSolution
		Debug|Any CPU = Debug|Any CPU
		Release|Any CPU = Release|Any CPU
	EndGlobalSection
	GlobalSection(ProjectConfigurationPlatforms) = postSolution
		{27269583-5D95-469E-9A3D-34D52BCE7C17}.Debug|Any CPU.ActiveCfg = Debug|Any CPU
		{27269583-5D95-469E-9A3D-34D52BCE7C17}.Debug|Any CPU.Build.0 = Debug|Any CPU
		{27269583-5D95-469E-9A3D-34D52BCE7C17}.Release|Any CPU.ActiveCfg = Release|Any CPU
		{27269583-5D95-469E-9A3D-34D52BCE7C17}.Release|Any CPU.Build.0 = Release|Any CPU
	EndGlobalSection
	GlobalSection(SolutionProperties) = preSolution
		HideSolutionNode = FALSE
	EndGlobalSection
	GlobalSection(ExtensibilityGlobals) = postSolution
		SolutionGuid = {48607A47-279F-4CE4-A3D7-D4AE899A1578}
	EndGlobalSection
EndGlobal
